
Microsoft Visual Studio Solution File, Format Version 12.00
# Visual Studio Version 17
VisualStudioVersion = 17.4.33103.184
MinimumVisualStudioVersion = 10.0.40219.1
Project("{FAE04EC0-301F-11D3-BF4B-00C04F79EFBC}") = "MetalGearSolidEncaps", "MetalGearSolidEncaps\MetalGearSolidEncaps.csproj", "{AD1766C3-2799-4323-960D-6E7B53738605}"
EndProject
Global
	GlobalSection(SolutionConfigurationPlatforms) = preSolution
		Debug|Any CPU = Debug|Any CPU
		Release|Any CPU = Release|Any CPU
	EndGlobalSection
	GlobalSection(ProjectConfigurationPlatforms) = postSolution
		{AD1766C3-2799-4323-960D-6E7B53738605}.Debug|Any CPU.ActiveCfg = Debug|Any CPU
		{AD1766C3-2799-4323-960D-6E7B53738605}.Debug|Any CPU.Build.0 = Debug|Any CPU
		{AD1766C3-2799-4323-960D-6E7B53738605}.Release|Any CPU.ActiveCfg = Release|Any CPU
		{AD1766C3-2799-4323-960D-6E7B53738605}.Release|Any CPU.Build.0 = Release|Any CPU
	EndGlobalSection
	GlobalSection(SolutionProperties) = preSolution
		HideSolutionNode = FALSE
	EndGlobalSection
	GlobalSection(ExtensibilityGlobals) = postSolution
		SolutionGuid = {5F5A6038-80C3-4190-9370-5FFE1EDF5D26}
	EndGlobalSection
EndGlobal
